// !$*UTF8*$!
{
	archiveVersion = 1;
	classes = {
	};
	objectVersion = 56;
	objects = {

/* Begin PBXBuildFile section */
		E926A11D297AE95C00C16BA8 /* TodoAppApp.swift in Sources */ = {isa = PBXBuildFile; fileRef = E926A11C297AE95C00C16BA8 /* TodoAppApp.swift */; };
		E926A11F297AE95C00C16BA8 /* ContentView.swift in Sources */ = {isa = PBXBuildFile; fileRef = E926A11E297AE95C00C16BA8 /* ContentView.swift */; };
		E926A121297AE95D00C16BA8 /* Assets.xcassets in Resources */ = {isa = PBXBuildFile; fileRef = E926A120297AE95D00C16BA8 /* Assets.xcassets */; };
		E926A125297AE95D00C16BA8 /* Preview Assets.xcassets in Resources */ = {isa = PBXBuildFile; fileRef = E926A124297AE95D00C16BA8 /* Preview Assets.xcassets */; };
		E926A12F297AE95E00C16BA8 /* TodoAppTests.swift in Sources */ = {isa = PBXBuildFile; fileRef = E926A12E297AE95E00C16BA8 /* TodoAppTests.swift */; };
		E926A139297AE95E00C16BA8 /* TodoAppUITests.swift in Sources */ = {isa = PBXBuildFile; fileRef = E926A138297AE95E00C16BA8 /* TodoAppUITests.swift */; };
		E926A13B297AE95E00C16BA8 /* TodoAppUITestsLaunchTests.swift in Sources */ = {isa = PBXBuildFile; fileRef = E926A13A297AE95E00C16BA8 /* TodoAppUITestsLaunchTests.swift */; };
		E926A148297AEFDF00C16BA8 /* CircleImage.swift in Sources */ = {isa = PBXBuildFile; fileRef = E926A147297AEFDF00C16BA8 /* CircleImage.swift */; };
		E947E59E2988064200BAC9BC /* TodoTimerView.swift in Sources */ = {isa = PBXBuildFile; fileRef = E947E59D2988064200BAC9BC /* TodoTimerView.swift */; };
		E947E5A02988147E00BAC9BC /* TrailingIconLabelStyle.swift in Sources */ = {isa = PBXBuildFile; fileRef = E947E59F2988147E00BAC9BC /* TrailingIconLabelStyle.swift */; };
		E947E5A22988228400BAC9BC /* TimerData.swift in Sources */ = {isa = PBXBuildFile; fileRef = E947E5A12988228400BAC9BC /* TimerData.swift */; };
		E967519529892ADF007D567B /* SetTodoTimerModal.swift in Sources */ = {isa = PBXBuildFile; fileRef = E967519429892ADF007D567B /* SetTodoTimerModal.swift */; };
		E97155B02982E62900BC1718 /* Color.swift in Sources */ = {isa = PBXBuildFile; fileRef = E97155AF2982E62900BC1718 /* Color.swift */; };
		E9C369D2297FD31C00C2282A /* HexagonParameters.swift in Sources */ = {isa = PBXBuildFile; fileRef = E9C369D1297FD31C00C2282A /* HexagonParameters.swift */; };
		E9C369D4297FD45D00C2282A /* BadgeBackground.swift in Sources */ = {isa = PBXBuildFile; fileRef = E9C369D3297FD45D00C2282A /* BadgeBackground.swift */; };
		E9C369D7297FD75800C2282A /* todoStatistics.json in Resources */ = {isa = PBXBuildFile; fileRef = E9C369D6297FD75800C2282A /* todoStatistics.json */; };
		E9C369D9297FD8CC00C2282A /* TodoStatistic.swift in Sources */ = {isa = PBXBuildFile; fileRef = E9C369D8297FD8CC00C2282A /* TodoStatistic.swift */; };
		E9C369DB297FDC3300C2282A /* StatisticsGraphView.swift in Sources */ = {isa = PBXBuildFile; fileRef = E9C369DA297FDC3300C2282A /* StatisticsGraphView.swift */; };
		E9C369DD297FF38600C2282A /* CategoryHomeView.swift in Sources */ = {isa = PBXBuildFile; fileRef = E9C369DC297FF38600C2282A /* CategoryHomeView.swift */; };
		E9C369DF297FF4C700C2282A /* CategoryRow.swift in Sources */ = {isa = PBXBuildFile; fileRef = E9C369DE297FF4C700C2282A /* CategoryRow.swift */; };
		E9C369E1297FF56B00C2282A /* CategoryItem.swift in Sources */ = {isa = PBXBuildFile; fileRef = E9C369E0297FF56B00C2282A /* CategoryItem.swift */; };
		E9C369E329801A7600C2282A /* TodoList.swift in Sources */ = {isa = PBXBuildFile; fileRef = E9C369E229801A7600C2282A /* TodoList.swift */; };
		E9C369E529801C2900C2282A /* Profile.swift in Sources */ = {isa = PBXBuildFile; fileRef = E9C369E429801C2900C2282A /* Profile.swift */; };
		E9C369E829801D9F00C2282A /* ProfileView.swift in Sources */ = {isa = PBXBuildFile; fileRef = E9C369E729801D9F00C2282A /* ProfileView.swift */; };
		E9C369EA29801EF300C2282A /* ProfileSummary.swift in Sources */ = {isa = PBXBuildFile; fileRef = E9C369E929801EF300C2282A /* ProfileSummary.swift */; };
		E9C369F02980288F00C2282A /* ProfileEditor.swift in Sources */ = {isa = PBXBuildFile; fileRef = E9C369EF2980288F00C2282A /* ProfileEditor.swift */; };
		E9C7BE1E297E828900C48C8B /* SupportView.swift in Sources */ = {isa = PBXBuildFile; fileRef = E9C7BE1D297E828900C48C8B /* SupportView.swift */; };
		E9C7BE20297E857A00C48C8B /* TodoDetailsView.swift in Sources */ = {isa = PBXBuildFile; fileRef = E9C7BE1F297E857A00C48C8B /* TodoDetailsView.swift */; };
		E9C7BE24297E943800C48C8B /* AddTodoView.swift in Sources */ = {isa = PBXBuildFile; fileRef = E9C7BE23297E943800C48C8B /* AddTodoView.swift */; };
		E9C7BE26297E9EFC00C48C8B /* MapView.swift in Sources */ = {isa = PBXBuildFile; fileRef = E9C7BE25297E9EFC00C48C8B /* MapView.swift */; };
		E9C7BE28297EA45A00C48C8B /* todoData.json in Resources */ = {isa = PBXBuildFile; fileRef = E9C7BE27297EA45A00C48C8B /* todoData.json */; };
		E9C7BE2A297EA61000C48C8B /* Todo.swift in Sources */ = {isa = PBXBuildFile; fileRef = E9C7BE29297EA61000C48C8B /* Todo.swift */; };
		E9C7BE2E297EA79200C48C8B /* ModelData.swift in Sources */ = {isa = PBXBuildFile; fileRef = E9C7BE2D297EA79200C48C8B /* ModelData.swift */; };
		E9C7BE30297EA7FC00C48C8B /* TodoItem.swift in Sources */ = {isa = PBXBuildFile; fileRef = E9C7BE2F297EA7FC00C48C8B /* TodoItem.swift */; };
		E9C7BE34297EE53A00C48C8B /* CheckButton.swift in Sources */ = {isa = PBXBuildFile; fileRef = E9C7BE33297EE53A00C48C8B /* CheckButton.swift */; };
/* End PBXBuildFile section */

/* Begin PBXContainerItemProxy section */
		E926A12B297AE95E00C16BA8 /* PBXContainerItemProxy */ = {
			isa = PBXContainerItemProxy;
			containerPortal = E926A111297AE95C00C16BA8 /* Project object */;
			proxyType = 1;
			remoteGlobalIDString = E926A118297AE95C00C16BA8;
			remoteInfo = TodoApp;
		};
		E926A135297AE95E00C16BA8 /* PBXContainerItemProxy */ = {
			isa = PBXContainerItemProxy;
			containerPortal = E926A111297AE95C00C16BA8 /* Project object */;
			proxyType = 1;
			remoteGlobalIDString = E926A118297AE95C00C16BA8;
			remoteInfo = TodoApp;
		};
/* End PBXContainerItemProxy section */

/* Begin PBXFileReference section */
		E926A119297AE95C00C16BA8 /* TodoApp.app */ = {isa = PBXFileReference; explicitFileType = wrapper.application; includeInIndex = 0; path = TodoApp.app; sourceTree = BUILT_PRODUCTS_DIR; };
		E926A11C297AE95C00C16BA8 /* TodoAppApp.swift */ = {isa = PBXFileReference; lastKnownFileType = sourcecode.swift; path = TodoAppApp.swift; sourceTree = "<group>"; };
		E926A11E297AE95C00C16BA8 /* ContentView.swift */ = {isa = PBXFileReference; lastKnownFileType = sourcecode.swift; path = ContentView.swift; sourceTree = "<group>"; };
		E926A120297AE95D00C16BA8 /* Assets.xcassets */ = {isa = PBXFileReference; lastKnownFileType = folder.assetcatalog; path = Assets.xcassets; sourceTree = "<group>"; };
		E926A122297AE95D00C16BA8 /* TodoApp.entitlements */ = {isa = PBXFileReference; lastKnownFileType = text.plist.entitlements; path = TodoApp.entitlements; sourceTree = "<group>"; };
		E926A124297AE95D00C16BA8 /* Preview Assets.xcassets */ = {isa = PBXFileReference; lastKnownFileType = folder.assetcatalog; path = "Preview Assets.xcassets"; sourceTree = "<group>"; };
		E926A12A297AE95E00C16BA8 /* TodoAppTests.xctest */ = {isa = PBXFileReference; explicitFileType = wrapper.cfbundle; includeInIndex = 0; path = TodoAppTests.xctest; sourceTree = BUILT_PRODUCTS_DIR; };
		E926A12E297AE95E00C16BA8 /* TodoAppTests.swift */ = {isa = PBXFileReference; lastKnownFileType = sourcecode.swift; path = TodoAppTests.swift; sourceTree = "<group>"; };
		E926A134297AE95E00C16BA8 /* TodoAppUITests.xctest */ = {isa = PBXFileReference; explicitFileType = wrapper.cfbundle; includeInIndex = 0; path = TodoAppUITests.xctest; sourceTree = BUILT_PRODUCTS_DIR; };
		E926A138297AE95E00C16BA8 /* TodoAppUITests.swift */ = {isa = PBXFileReference; lastKnownFileType = sourcecode.swift; path = TodoAppUITests.swift; sourceTree = "<group>"; };
		E926A13A297AE95E00C16BA8 /* TodoAppUITestsLaunchTests.swift */ = {isa = PBXFileReference; lastKnownFileType = sourcecode.swift; path = TodoAppUITestsLaunchTests.swift; sourceTree = "<group>"; };
		E926A147297AEFDF00C16BA8 /* CircleImage.swift */ = {isa = PBXFileReference; lastKnownFileType = sourcecode.swift; path = CircleImage.swift; sourceTree = "<group>"; };
		E947E59D2988064200BAC9BC /* TodoTimerView.swift */ = {isa = PBXFileReference; lastKnownFileType = sourcecode.swift; path = TodoTimerView.swift; sourceTree = "<group>"; };
		E947E59F2988147E00BAC9BC /* TrailingIconLabelStyle.swift */ = {isa = PBXFileReference; lastKnownFileType = sourcecode.swift; path = TrailingIconLabelStyle.swift; sourceTree = "<group>"; };
		E947E5A12988228400BAC9BC /* TimerData.swift */ = {isa = PBXFileReference; lastKnownFileType = sourcecode.swift; path = TimerData.swift; sourceTree = "<group>"; };
		E967519429892ADF007D567B /* SetTodoTimerModal.swift */ = {isa = PBXFileReference; lastKnownFileType = sourcecode.swift; path = SetTodoTimerModal.swift; sourceTree = "<group>"; };
		E97155AF2982E62900BC1718 /* Color.swift */ = {isa = PBXFileReference; lastKnownFileType = sourcecode.swift; path = Color.swift; sourceTree = "<group>"; };
		E9C369D1297FD31C00C2282A /* HexagonParameters.swift */ = {isa = PBXFileReference; lastKnownFileType = sourcecode.swift; path = HexagonParameters.swift; sourceTree = "<group>"; };
		E9C369D3297FD45D00C2282A /* BadgeBackground.swift */ = {isa = PBXFileReference; lastKnownFileType = sourcecode.swift; path = BadgeBackground.swift; sourceTree = "<group>"; };
		E9C369D6297FD75800C2282A /* todoStatistics.json */ = {isa = PBXFileReference; fileEncoding = 4; lastKnownFileType = text.json; path = todoStatistics.json; sourceTree = "<group>"; };
		E9C369D8297FD8CC00C2282A /* TodoStatistic.swift */ = {isa = PBXFileReference; lastKnownFileType = sourcecode.swift; path = TodoStatistic.swift; sourceTree = "<group>"; };
		E9C369DA297FDC3300C2282A /* StatisticsGraphView.swift */ = {isa = PBXFileReference; lastKnownFileType = sourcecode.swift; path = StatisticsGraphView.swift; sourceTree = "<group>"; };
		E9C369DC297FF38600C2282A /* CategoryHomeView.swift */ = {isa = PBXFileReference; lastKnownFileType = sourcecode.swift; path = CategoryHomeView.swift; sourceTree = "<group>"; };
		E9C369DE297FF4C700C2282A /* CategoryRow.swift */ = {isa = PBXFileReference; lastKnownFileType = sourcecode.swift; path = CategoryRow.swift; sourceTree = "<group>"; };
		E9C369E0297FF56B00C2282A /* CategoryItem.swift */ = {isa = PBXFileReference; lastKnownFileType = sourcecode.swift; path = CategoryItem.swift; sourceTree = "<group>"; };
		E9C369E229801A7600C2282A /* TodoList.swift */ = {isa = PBXFileReference; lastKnownFileType = sourcecode.swift; path = TodoList.swift; sourceTree = "<group>"; };
		E9C369E429801C2900C2282A /* Profile.swift */ = {isa = PBXFileReference; lastKnownFileType = sourcecode.swift; path = Profile.swift; sourceTree = "<group>"; };
		E9C369E729801D9F00C2282A /* ProfileView.swift */ = {isa = PBXFileReference; lastKnownFileType = sourcecode.swift; path = ProfileView.swift; sourceTree = "<group>"; };
		E9C369E929801EF300C2282A /* ProfileSummary.swift */ = {isa = PBXFileReference; lastKnownFileType = sourcecode.swift; path = ProfileSummary.swift; sourceTree = "<group>"; };
		E9C369EF2980288F00C2282A /* ProfileEditor.swift */ = {isa = PBXFileReference; lastKnownFileType = sourcecode.swift; path = ProfileEditor.swift; sourceTree = "<group>"; };
		E9C7BE1D297E828900C48C8B /* SupportView.swift */ = {isa = PBXFileReference; lastKnownFileType = sourcecode.swift; path = SupportView.swift; sourceTree = "<group>"; };
		E9C7BE1F297E857A00C48C8B /* TodoDetailsView.swift */ = {isa = PBXFileReference; lastKnownFileType = sourcecode.swift; path = TodoDetailsView.swift; sourceTree = "<group>"; };
		E9C7BE23297E943800C48C8B /* AddTodoView.swift */ = {isa = PBXFileReference; lastKnownFileType = sourcecode.swift; path = AddTodoView.swift; sourceTree = "<group>"; };
		E9C7BE25297E9EFC00C48C8B /* MapView.swift */ = {isa = PBXFileReference; lastKnownFileType = sourcecode.swift; path = MapView.swift; sourceTree = "<group>"; };
		E9C7BE27297EA45A00C48C8B /* todoData.json */ = {isa = PBXFileReference; fileEncoding = 4; lastKnownFileType = text.json; path = todoData.json; sourceTree = "<group>"; };
		E9C7BE29297EA61000C48C8B /* Todo.swift */ = {isa = PBXFileReference; lastKnownFileType = sourcecode.swift; path = Todo.swift; sourceTree = "<group>"; };
		E9C7BE2D297EA79200C48C8B /* ModelData.swift */ = {isa = PBXFileReference; lastKnownFileType = sourcecode.swift; path = ModelData.swift; sourceTree = "<group>"; };
		E9C7BE2F297EA7FC00C48C8B /* TodoItem.swift */ = {isa = PBXFileReference; lastKnownFileType = sourcecode.swift; path = TodoItem.swift; sourceTree = "<group>"; };
		E9C7BE33297EE53A00C48C8B /* CheckButton.swift */ = {isa = PBXFileReference; lastKnownFileType = sourcecode.swift; path = CheckButton.swift; sourceTree = "<group>"; };
/* End PBXFileReference section */

/* Begin PBXFrameworksBuildPhase section */
		E926A116297AE95C00C16BA8 /* Frameworks */ = {
			isa = PBXFrameworksBuildPhase;
			buildActionMask = 2147483647;
			files = (
			);
			runOnlyForDeploymentPostprocessing = 0;
		};
		E926A127297AE95E00C16BA8 /* Frameworks */ = {
			isa = PBXFrameworksBuildPhase;
			buildActionMask = 2147483647;
			files = (
			);
			runOnlyForDeploymentPostprocessing = 0;
		};
		E926A131297AE95E00C16BA8 /* Frameworks */ = {
			isa = PBXFrameworksBuildPhase;
			buildActionMask = 2147483647;
			files = (
			);
			runOnlyForDeploymentPostprocessing = 0;
		};
/* End PBXFrameworksBuildPhase section */

/* Begin PBXGroup section */
		E926A110297AE95C00C16BA8 = {
			isa = PBXGroup;
			children = (
				E926A11B297AE95C00C16BA8 /* TodoApp */,
				E926A12D297AE95E00C16BA8 /* TodoAppTests */,
				E926A137297AE95E00C16BA8 /* TodoAppUITests */,
				E926A11A297AE95C00C16BA8 /* Products */,
			);
			sourceTree = "<group>";
		};
		E926A11A297AE95C00C16BA8 /* Products */ = {
			isa = PBXGroup;
			children = (
				E926A119297AE95C00C16BA8 /* TodoApp.app */,
				E926A12A297AE95E00C16BA8 /* TodoAppTests.xctest */,
				E926A134297AE95E00C16BA8 /* TodoAppUITests.xctest */,
			);
			name = Products;
			sourceTree = "<group>";
		};
		E926A11B297AE95C00C16BA8 /* TodoApp */ = {
			isa = PBXGroup;
			children = (
				E9C369D5297FD6C700C2282A /* graphics */,
				E9C7BE2C297EA74100C48C8B /* resources */,
				E9C7BE2B297EA73500C48C8B /* models */,
				E9C7BE21297E862D00C48C8B /* screens */,
				E9C7BE22297E863D00C48C8B /* components */,
				E926A11E297AE95C00C16BA8 /* ContentView.swift */,
				E926A11C297AE95C00C16BA8 /* TodoAppApp.swift */,
				E926A120297AE95D00C16BA8 /* Assets.xcassets */,
				E926A122297AE95D00C16BA8 /* TodoApp.entitlements */,
				E926A123297AE95D00C16BA8 /* Preview Content */,
			);
			path = TodoApp;
			sourceTree = "<group>";
		};
		E926A123297AE95D00C16BA8 /* Preview Content */ = {
			isa = PBXGroup;
			children = (
				E926A124297AE95D00C16BA8 /* Preview Assets.xcassets */,
			);
			path = "Preview Content";
			sourceTree = "<group>";
		};
		E926A12D297AE95E00C16BA8 /* TodoAppTests */ = {
			isa = PBXGroup;
			children = (
				E926A12E297AE95E00C16BA8 /* TodoAppTests.swift */,
			);
			path = TodoAppTests;
			sourceTree = "<group>";
		};
		E926A137297AE95E00C16BA8 /* TodoAppUITests */ = {
			isa = PBXGroup;
			children = (
				E926A138297AE95E00C16BA8 /* TodoAppUITests.swift */,
				E926A13A297AE95E00C16BA8 /* TodoAppUITestsLaunchTests.swift */,
			);
			path = TodoAppUITests;
			sourceTree = "<group>";
		};
		E97155AC29829AB100BC1718 /* common */ = {
			isa = PBXGroup;
			children = (
				E926A147297AEFDF00C16BA8 /* CircleImage.swift */,
			);
			path = common;
			sourceTree = "<group>";
		};
		E9C369D5297FD6C700C2282A /* graphics */ = {
			isa = PBXGroup;
			children = (
				E9C369D3297FD45D00C2282A /* BadgeBackground.swift */,
				E9C369D1297FD31C00C2282A /* HexagonParameters.swift */,
				E97155AF2982E62900BC1718 /* Color.swift */,
				E947E59F2988147E00BAC9BC /* TrailingIconLabelStyle.swift */,
			);
			path = graphics;
			sourceTree = "<group>";
		};
		E9C369EB29801F6C00C2282A /* profile */ = {
			isa = PBXGroup;
			children = (
				E9C369E929801EF300C2282A /* ProfileSummary.swift */,
				E9C369EF2980288F00C2282A /* ProfileEditor.swift */,
				E9C7BE25297E9EFC00C48C8B /* MapView.swift */,
			);
			path = profile;
			sourceTree = "<group>";
		};
		E9C369EC29801F7200C2282A /* profile */ = {
			isa = PBXGroup;
			children = (
				E9C369E729801D9F00C2282A /* ProfileView.swift */,
				E9C7BE1D297E828900C48C8B /* SupportView.swift */,
			);
			path = profile;
			sourceTree = "<group>";
		};
		E9C369ED29801F7600C2282A /* category */ = {
			isa = PBXGroup;
			children = (
				E9C369DC297FF38600C2282A /* CategoryHomeView.swift */,
			);
			path = category;
			sourceTree = "<group>";
		};
		E9C369EE29801F7A00C2282A /* category */ = {
			isa = PBXGroup;
			children = (
				E9C369E0297FF56B00C2282A /* CategoryItem.swift */,
				E9C369DE297FF4C700C2282A /* CategoryRow.swift */,
			);
			path = category;
			sourceTree = "<group>";
		};
		E9C7BE21297E862D00C48C8B /* screens */ = {
			isa = PBXGroup;
			children = (
				E9C369ED29801F7600C2282A /* category */,
				E9C369EC29801F7200C2282A /* profile */,
				E9C7BE1F297E857A00C48C8B /* TodoDetailsView.swift */,
				E9C7BE23297E943800C48C8B /* AddTodoView.swift */,
				E9C369DA297FDC3300C2282A /* StatisticsGraphView.swift */,
				E9C369E229801A7600C2282A /* TodoList.swift */,
				E947E59D2988064200BAC9BC /* TodoTimerView.swift */,
				E967519429892ADF007D567B /* SetTodoTimerModal.swift */,
			);
			path = screens;
			sourceTree = "<group>";
		};
		E9C7BE22297E863D00C48C8B /* components */ = {
			isa = PBXGroup;
			children = (
				E97155AC29829AB100BC1718 /* common */,
				E9C369EE29801F7A00C2282A /* category */,
				E9C369EB29801F6C00C2282A /* profile */,
				E9C7BE2F297EA7FC00C48C8B /* TodoItem.swift */,
				E9C7BE33297EE53A00C48C8B /* CheckButton.swift */,
			);
			path = components;
			sourceTree = "<group>";
		};
		E9C7BE2B297EA73500C48C8B /* models */ = {
			isa = PBXGroup;
			children = (
				E9C7BE2D297EA79200C48C8B /* ModelData.swift */,
				E9C7BE29297EA61000C48C8B /* Todo.swift */,
				E9C369D8297FD8CC00C2282A /* TodoStatistic.swift */,
				E9C369E429801C2900C2282A /* Profile.swift */,
				E947E5A12988228400BAC9BC /* TimerData.swift */,
			);
			path = models;
			sourceTree = "<group>";
		};
		E9C7BE2C297EA74100C48C8B /* resources */ = {
			isa = PBXGroup;
			children = (
				E9C7BE27297EA45A00C48C8B /* todoData.json */,
				E9C369D6297FD75800C2282A /* todoStatistics.json */,
			);
			path = resources;
			sourceTree = "<group>";
		};
/* End PBXGroup section */

/* Begin PBXNativeTarget section */
		E926A118297AE95C00C16BA8 /* TodoApp */ = {
			isa = PBXNativeTarget;
			buildConfigurationList = E926A13E297AE95E00C16BA8 /* Build configuration list for PBXNativeTarget "TodoApp" */;
			buildPhases = (
				E926A115297AE95C00C16BA8 /* Sources */,
				E926A116297AE95C00C16BA8 /* Frameworks */,
				E926A117297AE95C00C16BA8 /* Resources */,
			);
			buildRules = (
			);
			dependencies = (
			);
			name = TodoApp;
			productName = TodoApp;
			productReference = E926A119297AE95C00C16BA8 /* TodoApp.app */;
			productType = "com.apple.product-type.application";
		};
		E926A129297AE95E00C16BA8 /* TodoAppTests */ = {
			isa = PBXNativeTarget;
			buildConfigurationList = E926A141297AE95E00C16BA8 /* Build configuration list for PBXNativeTarget "TodoAppTests" */;
			buildPhases = (
				E926A126297AE95E00C16BA8 /* Sources */,
				E926A127297AE95E00C16BA8 /* Frameworks */,
				E926A128297AE95E00C16BA8 /* Resources */,
			);
			buildRules = (
			);
			dependencies = (
				E926A12C297AE95E00C16BA8 /* PBXTargetDependency */,
			);
			name = TodoAppTests;
			productName = TodoAppTests;
			productReference = E926A12A297AE95E00C16BA8 /* TodoAppTests.xctest */;
			productType = "com.apple.product-type.bundle.unit-test";
		};
		E926A133297AE95E00C16BA8 /* TodoAppUITests */ = {
			isa = PBXNativeTarget;
			buildConfigurationList = E926A144297AE95E00C16BA8 /* Build configuration list for PBXNativeTarget "TodoAppUITests" */;
			buildPhases = (
				E926A130297AE95E00C16BA8 /* Sources */,
				E926A131297AE95E00C16BA8 /* Frameworks */,
				E926A132297AE95E00C16BA8 /* Resources */,
			);
			buildRules = (
			);
			dependencies = (
				E926A136297AE95E00C16BA8 /* PBXTargetDependency */,
			);
			name = TodoAppUITests;
			productName = TodoAppUITests;
			productReference = E926A134297AE95E00C16BA8 /* TodoAppUITests.xctest */;
			productType = "com.apple.product-type.bundle.ui-testing";
		};
/* End PBXNativeTarget section */

/* Begin PBXProject section */
		E926A111297AE95C00C16BA8 /* Project object */ = {
			isa = PBXProject;
			attributes = {
				BuildIndependentTargetsInParallel = 1;
				LastSwiftUpdateCheck = 1400;
				LastUpgradeCheck = 1400;
				TargetAttributes = {
					E926A118297AE95C00C16BA8 = {
						CreatedOnToolsVersion = 14.0;
					};
					E926A129297AE95E00C16BA8 = {
						CreatedOnToolsVersion = 14.0;
						TestTargetID = E926A118297AE95C00C16BA8;
					};
					E926A133297AE95E00C16BA8 = {
						CreatedOnToolsVersion = 14.0;
						TestTargetID = E926A118297AE95C00C16BA8;
					};
				};
			};
			buildConfigurationList = E926A114297AE95C00C16BA8 /* Build configuration list for PBXProject "TodoApp" */;
			compatibilityVersion = "Xcode 14.0";
			developmentRegion = en;
			hasScannedForEncodings = 0;
			knownRegions = (
				en,
				Base,
			);
			mainGroup = E926A110297AE95C00C16BA8;
			productRefGroup = E926A11A297AE95C00C16BA8 /* Products */;
			projectDirPath = "";
			projectRoot = "";
			targets = (
				E926A118297AE95C00C16BA8 /* TodoApp */,
				E926A129297AE95E00C16BA8 /* TodoAppTests */,
				E926A133297AE95E00C16BA8 /* TodoAppUITests */,
			);
		};
/* End PBXProject section */

/* Begin PBXResourcesBuildPhase section */
		E926A117297AE95C00C16BA8 /* Resources */ = {
			isa = PBXResourcesBuildPhase;
			buildActionMask = 2147483647;
			files = (
				E9C369D7297FD75800C2282A /* todoStatistics.json in Resources */,
				E926A125297AE95D00C16BA8 /* Preview Assets.xcassets in Resources */,
				E926A121297AE95D00C16BA8 /* Assets.xcassets in Resources */,
				E9C7BE28297EA45A00C48C8B /* todoData.json in Resources */,
			);
			runOnlyForDeploymentPostprocessing = 0;
		};
		E926A128297AE95E00C16BA8 /* Resources */ = {
			isa = PBXResourcesBuildPhase;
			buildActionMask = 2147483647;
			files = (
			);
			runOnlyForDeploymentPostprocessing = 0;
		};
		E926A132297AE95E00C16BA8 /* Resources */ = {
			isa = PBXResourcesBuildPhase;
			buildActionMask = 2147483647;
			files = (
			);
			runOnlyForDeploymentPostprocessing = 0;
		};
/* End PBXResourcesBuildPhase section */

/* Begin PBXSourcesBuildPhase section */
		E926A115297AE95C00C16BA8 /* Sources */ = {
			isa = PBXSourcesBuildPhase;
			buildActionMask = 2147483647;
			files = (
				E9C369D2297FD31C00C2282A /* HexagonParameters.swift in Sources */,
				E9C369E529801C2900C2282A /* Profile.swift in Sources */,
				E9C7BE26297E9EFC00C48C8B /* MapView.swift in Sources */,
				E9C7BE1E297E828900C48C8B /* SupportView.swift in Sources */,
				E9C369DD297FF38600C2282A /* CategoryHomeView.swift in Sources */,
				E9C369E1297FF56B00C2282A /* CategoryItem.swift in Sources */,
				E9C7BE2E297EA79200C48C8B /* ModelData.swift in Sources */,
				E926A11F297AE95C00C16BA8 /* ContentView.swift in Sources */,
				E947E59E2988064200BAC9BC /* TodoTimerView.swift in Sources */,
				E9C7BE2A297EA61000C48C8B /* Todo.swift in Sources */,
				E9C7BE24297E943800C48C8B /* AddTodoView.swift in Sources */,
				E9C369EA29801EF300C2282A /* ProfileSummary.swift in Sources */,
				E9C369DF297FF4C700C2282A /* CategoryRow.swift in Sources */,
				E926A11D297AE95C00C16BA8 /* TodoAppApp.swift in Sources */,
				E9C369DB297FDC3300C2282A /* StatisticsGraphView.swift in Sources */,
				E9C369D4297FD45D00C2282A /* BadgeBackground.swift in Sources */,
				E9C7BE20297E857A00C48C8B /* TodoDetailsView.swift in Sources */,
				E926A148297AEFDF00C16BA8 /* CircleImage.swift in Sources */,
				E967519529892ADF007D567B /* SetTodoTimerModal.swift in Sources */,
				E97155B02982E62900BC1718 /* Color.swift in Sources */,
				E9C7BE34297EE53A00C48C8B /* CheckButton.swift in Sources */,
				E9C369D9297FD8CC00C2282A /* TodoStatistic.swift in Sources */,
				E947E5A02988147E00BAC9BC /* TrailingIconLabelStyle.swift in Sources */,
				E9C369F02980288F00C2282A /* ProfileEditor.swift in Sources */,
				E9C7BE30297EA7FC00C48C8B /* TodoItem.swift in Sources */,
				E9C369E829801D9F00C2282A /* ProfileView.swift in Sources */,
				E9C369E329801A7600C2282A /* TodoList.swift in Sources */,
				E947E5A22988228400BAC9BC /* TimerData.swift in Sources */,
			);
			runOnlyForDeploymentPostprocessing = 0;
		};
		E926A126297AE95E00C16BA8 /* Sources */ = {
			isa = PBXSourcesBuildPhase;
			buildActionMask = 2147483647;
			files = (
				E926A12F297AE95E00C16BA8 /* TodoAppTests.swift in Sources */,
			);
			runOnlyForDeploymentPostprocessing = 0;
		};
		E926A130297AE95E00C16BA8 /* Sources */ = {
			isa = PBXSourcesBuildPhase;
			buildActionMask = 2147483647;
			files = (
				E926A13B297AE95E00C16BA8 /* TodoAppUITestsLaunchTests.swift in Sources */,
				E926A139297AE95E00C16BA8 /* TodoAppUITests.swift in Sources */,
			);
			runOnlyForDeploymentPostprocessing = 0;
		};
/* End PBXSourcesBuildPhase section */

/* Begin PBXTargetDependency section */
		E926A12C297AE95E00C16BA8 /* PBXTargetDependency */ = {
			isa = PBXTargetDependency;
			target = E926A118297AE95C00C16BA8 /* TodoApp */;
			targetProxy = E926A12B297AE95E00C16BA8 /* PBXContainerItemProxy */;
		};
		E926A136297AE95E00C16BA8 /* PBXTargetDependency */ = {
			isa = PBXTargetDependency;
			target = E926A118297AE95C00C16BA8 /* TodoApp */;
			targetProxy = E926A135297AE95E00C16BA8 /* PBXContainerItemProxy */;
		};
/* End PBXTargetDependency section */

/* Begin XCBuildConfiguration section */
		E926A13C297AE95E00C16BA8 /* Debug */ = {
			isa = XCBuildConfiguration;
			buildSettings = {
				ALWAYS_SEARCH_USER_PATHS = NO;
				CLANG_ANALYZER_NONNULL = YES;
				CLANG_ANALYZER_NUMBER_OBJECT_CONVERSION = YES_AGGRESSIVE;
				CLANG_CXX_LANGUAGE_STANDARD = "gnu++20";
				CLANG_ENABLE_MODULES = YES;
				CLANG_ENABLE_OBJC_ARC = YES;
				CLANG_ENABLE_OBJC_WEAK = YES;
				CLANG_WARN_BLOCK_CAPTURE_AUTORELEASING = YES;
				CLANG_WARN_BOOL_CONVERSION = YES;
				CLANG_WARN_COMMA = YES;
				CLANG_WARN_CONSTANT_CONVERSION = YES;
				CLANG_WARN_DEPRECATED_OBJC_IMPLEMENTATIONS = YES;
				CLANG_WARN_DIRECT_OBJC_ISA_USAGE = YES_ERROR;
				CLANG_WARN_DOCUMENTATION_COMMENTS = YES;
				CLANG_WARN_EMPTY_BODY = YES;
				CLANG_WARN_ENUM_CONVERSION = YES;
				CLANG_WARN_INFINITE_RECURSION = YES;
				CLANG_WARN_INT_CONVERSION = YES;
				CLANG_WARN_NON_LITERAL_NULL_CONVERSION = YES;
				CLANG_WARN_OBJC_IMPLICIT_RETAIN_SELF = YES;
				CLANG_WARN_OBJC_LITERAL_CONVERSION = YES;
				CLANG_WARN_OBJC_ROOT_CLASS = YES_ERROR;
				CLANG_WARN_QUOTED_INCLUDE_IN_FRAMEWORK_HEADER = YES;
				CLANG_WARN_RANGE_LOOP_ANALYSIS = YES;
				CLANG_WARN_STRICT_PROTOTYPES = YES;
				CLANG_WARN_SUSPICIOUS_MOVE = YES;
				CLANG_WARN_UNGUARDED_AVAILABILITY = YES_AGGRESSIVE;
				CLANG_WARN_UNREACHABLE_CODE = YES;
				CLANG_WARN__DUPLICATE_METHOD_MATCH = YES;
				COPY_PHASE_STRIP = NO;
				DEBUG_INFORMATION_FORMAT = dwarf;
				ENABLE_STRICT_OBJC_MSGSEND = YES;
				ENABLE_TESTABILITY = YES;
				GCC_C_LANGUAGE_STANDARD = gnu11;
				GCC_DYNAMIC_NO_PIC = NO;
				GCC_NO_COMMON_BLOCKS = YES;
				GCC_OPTIMIZATION_LEVEL = 0;
				GCC_PREPROCESSOR_DEFINITIONS = (
					"DEBUG=1",
					"$(inherited)",
				);
				GCC_WARN_64_TO_32_BIT_CONVERSION = YES;
				GCC_WARN_ABOUT_RETURN_TYPE = YES_ERROR;
				GCC_WARN_UNDECLARED_SELECTOR = YES;
				GCC_WARN_UNINITIALIZED_AUTOS = YES_AGGRESSIVE;
				GCC_WARN_UNUSED_FUNCTION = YES;
				GCC_WARN_UNUSED_VARIABLE = YES;
				MTL_ENABLE_DEBUG_INFO = INCLUDE_SOURCE;
				MTL_FAST_MATH = YES;
				ONLY_ACTIVE_ARCH = YES;
				SWIFT_ACTIVE_COMPILATION_CONDITIONS = DEBUG;
				SWIFT_OPTIMIZATION_LEVEL = "-Onone";
			};
			name = Debug;
		};
		E926A13D297AE95E00C16BA8 /* Release */ = {
			isa = XCBuildConfiguration;
			buildSettings = {
				ALWAYS_SEARCH_USER_PATHS = NO;
				CLANG_ANALYZER_NONNULL = YES;
				CLANG_ANALYZER_NUMBER_OBJECT_CONVERSION = YES_AGGRESSIVE;
				CLANG_CXX_LANGUAGE_STANDARD = "gnu++20";
				CLANG_ENABLE_MODULES = YES;
				CLANG_ENABLE_OBJC_ARC = YES;
				CLANG_ENABLE_OBJC_WEAK = YES;
				CLANG_WARN_BLOCK_CAPTURE_AUTORELEASING = YES;
				CLANG_WARN_BOOL_CONVERSION = YES;
				CLANG_WARN_COMMA = YES;
				CLANG_WARN_CONSTANT_CONVERSION = YES;
				CLANG_WARN_DEPRECATED_OBJC_IMPLEMENTATIONS = YES;
				CLANG_WARN_DIRECT_OBJC_ISA_USAGE = YES_ERROR;
				CLANG_WARN_DOCUMENTATION_COMMENTS = YES;
				CLANG_WARN_EMPTY_BODY = YES;
				CLANG_WARN_ENUM_CONVERSION = YES;
				CLANG_WARN_INFINITE_RECURSION = YES;
				CLANG_WARN_INT_CONVERSION = YES;
				CLANG_WARN_NON_LITERAL_NULL_CONVERSION = YES;
				CLANG_WARN_OBJC_IMPLICIT_RETAIN_SELF = YES;
				CLANG_WARN_OBJC_LITERAL_CONVERSION = YES;
				CLANG_WARN_OBJC_ROOT_CLASS = YES_ERROR;
				CLANG_WARN_QUOTED_INCLUDE_IN_FRAMEWORK_HEADER = YES;
				CLANG_WARN_RANGE_LOOP_ANALYSIS = YES;
				CLANG_WARN_STRICT_PROTOTYPES = YES;
				CLANG_WARN_SUSPICIOUS_MOVE = YES;
				CLANG_WARN_UNGUARDED_AVAILABILITY = YES_AGGRESSIVE;
				CLANG_WARN_UNREACHABLE_CODE = YES;
				CLANG_WARN__DUPLICATE_METHOD_MATCH = YES;
				COPY_PHASE_STRIP = NO;
				DEBUG_INFORMATION_FORMAT = "dwarf-with-dsym";
				ENABLE_NS_ASSERTIONS = NO;
				ENABLE_STRICT_OBJC_MSGSEND = YES;
				GCC_C_LANGUAGE_STANDARD = gnu11;
				GCC_NO_COMMON_BLOCKS = YES;
				GCC_WARN_64_TO_32_BIT_CONVERSION = YES;
				GCC_WARN_ABOUT_RETURN_TYPE = YES_ERROR;
				GCC_WARN_UNDECLARED_SELECTOR = YES;
				GCC_WARN_UNINITIALIZED_AUTOS = YES_AGGRESSIVE;
				GCC_WARN_UNUSED_FUNCTION = YES;
				GCC_WARN_UNUSED_VARIABLE = YES;
				MTL_ENABLE_DEBUG_INFO = NO;
				MTL_FAST_MATH = YES;
				SWIFT_COMPILATION_MODE = wholemodule;
				SWIFT_OPTIMIZATION_LEVEL = "-O";
			};
			name = Release;
		};
		E926A13F297AE95E00C16BA8 /* Debug */ = {
			isa = XCBuildConfiguration;
			buildSettings = {
				ASSETCATALOG_COMPILER_APPICON_NAME = AppIcon;
				ASSETCATALOG_COMPILER_GLOBAL_ACCENT_COLOR_NAME = AccentColor;
				CODE_SIGN_ENTITLEMENTS = TodoApp/TodoApp.entitlements;
				CODE_SIGN_STYLE = Automatic;
				CURRENT_PROJECT_VERSION = 1;
				DEVELOPMENT_ASSET_PATHS = "\"TodoApp/Preview Content\"";
				ENABLE_PREVIEWS = YES;
				GENERATE_INFOPLIST_FILE = YES;
				"INFOPLIST_KEY_UIApplicationSceneManifest_Generation[sdk=iphoneos*]" = YES;
				"INFOPLIST_KEY_UIApplicationSceneManifest_Generation[sdk=iphonesimulator*]" = YES;
				"INFOPLIST_KEY_UIApplicationSupportsIndirectInputEvents[sdk=iphoneos*]" = YES;
				"INFOPLIST_KEY_UIApplicationSupportsIndirectInputEvents[sdk=iphonesimulator*]" = YES;
				"INFOPLIST_KEY_UILaunchScreen_Generation[sdk=iphoneos*]" = YES;
				"INFOPLIST_KEY_UILaunchScreen_Generation[sdk=iphonesimulator*]" = YES;
				"INFOPLIST_KEY_UIStatusBarStyle[sdk=iphoneos*]" = UIStatusBarStyleDefault;
				"INFOPLIST_KEY_UIStatusBarStyle[sdk=iphonesimulator*]" = UIStatusBarStyleDefault;
				INFOPLIST_KEY_UISupportedInterfaceOrientations_iPad = "UIInterfaceOrientationPortrait UIInterfaceOrientationPortraitUpsideDown UIInterfaceOrientationLandscapeLeft UIInterfaceOrientationLandscapeRight";
				INFOPLIST_KEY_UISupportedInterfaceOrientations_iPhone = "UIInterfaceOrientationPortrait UIInterfaceOrientationLandscapeLeft UIInterfaceOrientationLandscapeRight";
				IPHONEOS_DEPLOYMENT_TARGET = 16.0;
				LD_RUNPATH_SEARCH_PATHS = "@executable_path/Frameworks";
				"LD_RUNPATH_SEARCH_PATHS[sdk=macosx*]" = "@executable_path/../Frameworks";
				MACOSX_DEPLOYMENT_TARGET = 12.3;
				MARKETING_VERSION = 1.0;
				PRODUCT_BUNDLE_IDENTIFIER = io.iosacademy.TodoApp;
				PRODUCT_NAME = "$(TARGET_NAME)";
				SDKROOT = auto;
				SUPPORTED_PLATFORMS = "iphoneos iphonesimulator macosx";
				SWIFT_EMIT_LOC_STRINGS = YES;
				SWIFT_VERSION = 5.0;
				TARGETED_DEVICE_FAMILY = "1,2";
			};
			name = Debug;
		};
		E926A140297AE95E00C16BA8 /* Release */ = {
			isa = XCBuildConfiguration;
			buildSettings = {
				ASSETCATALOG_COMPILER_APPICON_NAME = AppIcon;
				ASSETCATALOG_COMPILER_GLOBAL_ACCENT_COLOR_NAME = AccentColor;
				CODE_SIGN_ENTITLEMENTS = TodoApp/TodoApp.entitlements;
				CODE_SIGN_STYLE = Automatic;
				CURRENT_PROJECT_VERSION = 1;
				DEVELOPMENT_ASSET_PATHS = "\"TodoApp/Preview Content\"";
				ENABLE_PREVIEWS = YES;
				GENERATE_INFOPLIST_FILE = YES;
				"INFOPLIST_KEY_UIApplicationSceneManifest_Generation[sdk=iphoneos*]" = YES;
				"INFOPLIST_KEY_UIApplicationSceneManifest_Generation[sdk=iphonesimulator*]" = YES;
				"INFOPLIST_KEY_UIApplicationSupportsIndirectInputEvents[sdk=iphoneos*]" = YES;
				"INFOPLIST_KEY_UIApplicationSupportsIndirectInputEvents[sdk=iphonesimulator*]" = YES;
				"INFOPLIST_KEY_UILaunchScreen_Generation[sdk=iphoneos*]" = YES;
				"INFOPLIST_KEY_UILaunchScreen_Generation[sdk=iphonesimulator*]" = YES;
				"INFOPLIST_KEY_UIStatusBarStyle[sdk=iphoneos*]" = UIStatusBarStyleDefault;
				"INFOPLIST_KEY_UIStatusBarStyle[sdk=iphonesimulator*]" = UIStatusBarStyleDefault;
				INFOPLIST_KEY_UISupportedInterfaceOrientations_iPad = "UIInterfaceOrientationPortrait UIInterfaceOrientationPortraitUpsideDown UIInterfaceOrientationLandscapeLeft UIInterfaceOrientationLandscapeRight";
				INFOPLIST_KEY_UISupportedInterfaceOrientations_iPhone = "UIInterfaceOrientationPortrait UIInterfaceOrientationLandscapeLeft UIInterfaceOrientationLandscapeRight";
				IPHONEOS_DEPLOYMENT_TARGET = 16.0;
				LD_RUNPATH_SEARCH_PATHS = "@executable_path/Frameworks";
				"LD_RUNPATH_SEARCH_PATHS[sdk=macosx*]" = "@executable_path/../Frameworks";
				MACOSX_DEPLOYMENT_TARGET = 12.3;
				MARKETING_VERSION = 1.0;
				PRODUCT_BUNDLE_IDENTIFIER = io.iosacademy.TodoApp;
				PRODUCT_NAME = "$(TARGET_NAME)";
				SDKROOT = auto;
				SUPPORTED_PLATFORMS = "iphoneos iphonesimulator macosx";
				SWIFT_EMIT_LOC_STRINGS = YES;
				SWIFT_VERSION = 5.0;
				TARGETED_DEVICE_FAMILY = "1,2";
			};
			name = Release;
		};
		E926A142297AE95E00C16BA8 /* Debug */ = {
			isa = XCBuildConfiguration;
			buildSettings = {
				ALWAYS_EMBED_SWIFT_STANDARD_LIBRARIES = YES;
				BUNDLE_LOADER = "$(TEST_HOST)";
				CODE_SIGN_STYLE = Automatic;
				CURRENT_PROJECT_VERSION = 1;
				GENERATE_INFOPLIST_FILE = YES;
				IPHONEOS_DEPLOYMENT_TARGET = 16.0;
				MACOSX_DEPLOYMENT_TARGET = 12.3;
				MARKETING_VERSION = 1.0;
				PRODUCT_BUNDLE_IDENTIFIER = io.iosacademy.TodoAppTests;
				PRODUCT_NAME = "$(TARGET_NAME)";
				SDKROOT = auto;
				SUPPORTED_PLATFORMS = "iphoneos iphonesimulator macosx";
				SWIFT_EMIT_LOC_STRINGS = NO;
				SWIFT_VERSION = 5.0;
				TARGETED_DEVICE_FAMILY = "1,2";
				TEST_HOST = "$(BUILT_PRODUCTS_DIR)/TodoApp.app/$(BUNDLE_EXECUTABLE_FOLDER_PATH)/TodoApp";
			};
			name = Debug;
		};
		E926A143297AE95E00C16BA8 /* Release */ = {
			isa = XCBuildConfiguration;
			buildSettings = {
				ALWAYS_EMBED_SWIFT_STANDARD_LIBRARIES = YES;
				BUNDLE_LOADER = "$(TEST_HOST)";
				CODE_SIGN_STYLE = Automatic;
				CURRENT_PROJECT_VERSION = 1;
				GENERATE_INFOPLIST_FILE = YES;
				IPHONEOS_DEPLOYMENT_TARGET = 16.0;
				MACOSX_DEPLOYMENT_TARGET = 12.3;
				MARKETING_VERSION = 1.0;
				PRODUCT_BUNDLE_IDENTIFIER = io.iosacademy.TodoAppTests;
				PRODUCT_NAME = "$(TARGET_NAME)";
				SDKROOT = auto;
				SUPPORTED_PLATFORMS = "iphoneos iphonesimulator macosx";
				SWIFT_EMIT_LOC_STRINGS = NO;
				SWIFT_VERSION = 5.0;
				TARGETED_DEVICE_FAMILY = "1,2";
				TEST_HOST = "$(BUILT_PRODUCTS_DIR)/TodoApp.app/$(BUNDLE_EXECUTABLE_FOLDER_PATH)/TodoApp";
			};
			name = Release;
		};
		E926A145297AE95E00C16BA8 /* Debug */ = {
			isa = XCBuildConfiguration;
			buildSettings = {
				ALWAYS_EMBED_SWIFT_STANDARD_LIBRARIES = YES;
				CODE_SIGN_STYLE = Automatic;
				CURRENT_PROJECT_VERSION = 1;
				GENERATE_INFOPLIST_FILE = YES;
				IPHONEOS_DEPLOYMENT_TARGET = 16.0;
				MACOSX_DEPLOYMENT_TARGET = 12.3;
				MARKETING_VERSION = 1.0;
				PRODUCT_BUNDLE_IDENTIFIER = io.iosacademy.TodoAppUITests;
				PRODUCT_NAME = "$(TARGET_NAME)";
				SDKROOT = auto;
				SUPPORTED_PLATFORMS = "iphoneos iphonesimulator macosx";
				SWIFT_EMIT_LOC_STRINGS = NO;
				SWIFT_VERSION = 5.0;
				TARGETED_DEVICE_FAMILY = "1,2";
				TEST_TARGET_NAME = TodoApp;
			};
			name = Debug;
		};
		E926A146297AE95E00C16BA8 /* Release */ = {
			isa = XCBuildConfiguration;
			buildSettings = {
				ALWAYS_EMBED_SWIFT_STANDARD_LIBRARIES = YES;
				CODE_SIGN_STYLE = Automatic;
				CURRENT_PROJECT_VERSION = 1;
				GENERATE_INFOPLIST_FILE = YES;
				IPHONEOS_DEPLOYMENT_TARGET = 16.0;
				MACOSX_DEPLOYMENT_TARGET = 12.3;
				MARKETING_VERSION = 1.0;
				PRODUCT_BUNDLE_IDENTIFIER = io.iosacademy.TodoAppUITests;
				PRODUCT_NAME = "$(TARGET_NAME)";
				SDKROOT = auto;
				SUPPORTED_PLATFORMS = "iphoneos iphonesimulator macosx";
				SWIFT_EMIT_LOC_STRINGS = NO;
				SWIFT_VERSION = 5.0;
				TARGETED_DEVICE_FAMILY = "1,2";
				TEST_TARGET_NAME = TodoApp;
			};
			name = Release;
		};
/* End XCBuildConfiguration section */

/* Begin XCConfigurationList section */
		E926A114297AE95C00C16BA8 /* Build configuration list for PBXProject "TodoApp" */ = {
			isa = XCConfigurationList;
			buildConfigurations = (
				E926A13C297AE95E00C16BA8 /* Debug */,
				E926A13D297AE95E00C16BA8 /* Release */,
			);
			defaultConfigurationIsVisible = 0;
			defaultConfigurationName = Release;
		};
		E926A13E297AE95E00C16BA8 /* Build configuration list for PBXNativeTarget "TodoApp" */ = {
			isa = XCConfigurationList;
			buildConfigurations = (
				E926A13F297AE95E00C16BA8 /* Debug */,
				E926A140297AE95E00C16BA8 /* Release */,
			);
			defaultConfigurationIsVisible = 0;
			defaultConfigurationName = Release;
		};
		E926A141297AE95E00C16BA8 /* Build configuration list for PBXNativeTarget "TodoAppTests" */ = {
			isa = XCConfigurationList;
			buildConfigurations = (
				E926A142297AE95E00C16BA8 /* Debug */,
				E926A143297AE95E00C16BA8 /* Release */,
			);
			defaultConfigurationIsVisible = 0;
			defaultConfigurationName = Release;
		};
		E926A144297AE95E00C16BA8 /* Build configuration list for PBXNativeTarget "TodoAppUITests" */ = {
			isa = XCConfigurationList;
			buildConfigurations = (
				E926A145297AE95E00C16BA8 /* Debug */,
				E926A146297AE95E00C16BA8 /* Release */,
			);
			defaultConfigurationIsVisible = 0;
			defaultConfigurationName = Release;
		};
/* End XCConfigurationList section */
	};
	rootObject = E926A111297AE95C00C16BA8 /* Project object */;
}
